// !$*UTF8*$!
{
	archiveVersion = 1;
	classes = {
	};
	objectVersion = 50;
	objects = {

/* Begin PBXBuildFile section */
		AB27F4DB2502AC5800CA5648 /* Assets.xcassets in Resources */ = {isa = PBXBuildFile; fileRef = AB27F4DA2502AC5800CA5648 /* Assets.xcassets */; };
		AB27F4DE2502AC5800CA5648 /* LaunchScreen.storyboard in Resources */ = {isa = PBXBuildFile; fileRef = AB27F4DC2502AC5800CA5648 /* LaunchScreen.storyboard */; };
		AB6E0ED525037EB400D6AF90 /* ViewController.swift in Sources */ = {isa = PBXBuildFile; fileRef = AB27F4D52502AC5700CA5648 /* ViewController.swift */; };
		AB6E0ED625037EB900D6AF90 /* AppDelegate.swift in Sources */ = {isa = PBXBuildFile; fileRef = AB27F4D12502AC5700CA5648 /* AppDelegate.swift */; };
		AB6E0ED725037EBE00D6AF90 /* SceneDelegate.swift in Sources */ = {isa = PBXBuildFile; fileRef = AB27F4D32502AC5700CA5648 /* SceneDelegate.swift */; };
		AB6E0ED825037ECC00D6AF90 /* Main.storyboard in Resources */ = {isa = PBXBuildFile; fileRef = AB27F4D72502AC5700CA5648 /* Main.storyboard */; };
/* End PBXBuildFile section */

/* Begin PBXFileReference section */
		AB27F4CE2502AC5700CA5648 /* UniPad.app */ = {isa = PBXFileReference; explicitFileType = wrapper.application; includeInIndex = 0; path = UniPad.app; sourceTree = BUILT_PRODUCTS_DIR; };
		AB27F4D12502AC5700CA5648 /* AppDelegate.swift */ = {isa = PBXFileReference; lastKnownFileType = sourcecode.swift; path = AppDelegate.swift; sourceTree = "<group>"; };
		AB27F4D32502AC5700CA5648 /* SceneDelegate.swift */ = {isa = PBXFileReference; lastKnownFileType = sourcecode.swift; path = SceneDelegate.swift; sourceTree = "<group>"; };
		AB27F4D52502AC5700CA5648 /* ViewController.swift */ = {isa = PBXFileReference; lastKnownFileType = sourcecode.swift; path = ViewController.swift; sourceTree = "<group>"; };
		AB27F4D82502AC5700CA5648 /* Base */ = {isa = PBXFileReference; lastKnownFileType = file.storyboard; name = Base; path = Base.lproj/Main.storyboard; sourceTree = "<group>"; };
		AB27F4DA2502AC5800CA5648 /* Assets.xcassets */ = {isa = PBXFileReference; lastKnownFileType = folder.assetcatalog; path = Assets.xcassets; sourceTree = "<group>"; };
		AB27F4DD2502AC5800CA5648 /* Base */ = {isa = PBXFileReference; lastKnownFileType = file.storyboard; name = Base; path = Base.lproj/LaunchScreen.storyboard; sourceTree = "<group>"; };
		AB6E0ED125037D8800D6AF90 /* Info.plist */ = {isa = PBXFileReference; fileEncoding = 4; lastKnownFileType = text.plist.xml; path = Info.plist; sourceTree = "<group>"; };
/* End PBXFileReference section */

/* Begin PBXFrameworksBuildPhase section */
		AB27F4CB2502AC5700CA5648 /* Frameworks */ = {
			isa = PBXFrameworksBuildPhase;
			buildActionMask = 2147483647;
			files = (
			);
			runOnlyForDeploymentPostprocessing = 0;
		};
/* End PBXFrameworksBuildPhase section */

/* Begin PBXGroup section */
		AB27F4C52502AC5700CA5648 = {
			isa = PBXGroup;
			children = (
				AB27F4D02502AC5700CA5648 /* UniPad */,
				AB27F4CF2502AC5700CA5648 /* Products */,
			);
			sourceTree = "<group>";
		};
		AB27F4CF2502AC5700CA5648 /* Products */ = {
			isa = PBXGroup;
			children = (
				AB27F4CE2502AC5700CA5648 /* UniPad.app */,
			);
			name = Products;
			sourceTree = "<group>";
		};
		AB27F4D02502AC5700CA5648 /* UniPad */ = {
			isa = PBXGroup;
			children = (
				AB6E0ED125037D8800D6AF90 /* Info.plist */,
				AB27F4D12502AC5700CA5648 /* AppDelegate.swift */,
				AB27F4D32502AC5700CA5648 /* SceneDelegate.swift */,
				AB27F4D52502AC5700CA5648 /* ViewController.swift */,
				AB27F4D72502AC5700CA5648 /* Main.storyboard */,
				AB27F4DA2502AC5800CA5648 /* Assets.xcassets */,
				AB27F4DC2502AC5800CA5648 /* LaunchScreen.storyboard */,
			);
			path = UniPad;
			sourceTree = "<group>";
		};
/* End PBXGroup section */

/* Begin PBXNativeTarget section */
		AB27F4CD2502AC5700CA5648 /* UniPad */ = {
			isa = PBXNativeTarget;
			buildConfigurationList = AB27F4E22502AC5800CA5648 /* Build configuration list for PBXNativeTarget "UniPad" */;
			buildPhases = (
				AB27F4CA2502AC5700CA5648 /* Sources */,
				AB27F4CB2502AC5700CA5648 /* Frameworks */,
				AB27F4CC2502AC5700CA5648 /* Resources */,
			);
			buildRules = (
			);
			dependencies = (
			);
			name = UniPad;
			productName = QRWallet;
			productReference = AB27F4CE2502AC5700CA5648 /* UniPad.app */;
			productType = "com.apple.product-type.application";
		};
/* End PBXNativeTarget section */

/* Begin PBXProject section */
		AB27F4C62502AC5700CA5648 /* Project object */ = {
			isa = PBXProject;
			attributes = {
				LastSwiftUpdateCheck = 1200;
				LastUpgradeCheck = 1200;
				TargetAttributes = {
					AB27F4CD2502AC5700CA5648 = {
						CreatedOnToolsVersion = 12.0;
					};
				};
			};
			buildConfigurationList = AB27F4C92502AC5700CA5648 /* Build configuration list for PBXProject "UniPad" */;
			compatibilityVersion = "Xcode 9.3";
			developmentRegion = en;
			hasScannedForEncodings = 0;
			knownRegions = (
				en,
				Base,
			);
			mainGroup = AB27F4C52502AC5700CA5648;
			productRefGroup = AB27F4CF2502AC5700CA5648 /* Products */;
			projectDirPath = "";
			projectRoot = "";
			targets = (
				AB27F4CD2502AC5700CA5648 /* UniPad */,
			);
		};
/* End PBXProject section */

/* Begin PBXResourcesBuildPhase section */
		AB27F4CC2502AC5700CA5648 /* Resources */ = {
			isa = PBXResourcesBuildPhase;
			buildActionMask = 2147483647;
			files = (
				AB6E0ED825037ECC00D6AF90 /* Main.storyboard in Resources */,
				AB27F4DE2502AC5800CA5648 /* LaunchScreen.storyboard in Resources */,
				AB27F4DB2502AC5800CA5648 /* Assets.xcassets in Resources */,
			);
			runOnlyForDeploymentPostprocessing = 0;
		};
/* End PBXResourcesBuildPhase section */

/* Begin PBXSourcesBuildPhase section */
		AB27F4CA2502AC5700CA5648 /* Sources */ = {
			isa = PBXSourcesBuildPhase;
			buildActionMask = 2147483647;
			files = (
				AB6E0ED725037EBE00D6AF90 /* SceneDelegate.swift in Sources */,
				AB6E0ED625037EB900D6AF90 /* AppDelegate.swift in Sources */,
				AB6E0ED525037EB400D6AF90 /* ViewController.swift in Sources */,
			);
			runOnlyForDeploymentPostprocessing = 0;
		};
/* End PBXSourcesBuildPhase section */

/* Begin PBXVariantGroup section */
		AB27F4D72502AC5700CA5648 /* Main.storyboard */ = {
			isa = PBXVariantGroup;
			children = (
				AB27F4D82502AC5700CA5648 /* Base */,
			);
			name = Main.storyboard;
			sourceTree = "<group>";
		};
		AB27F4DC2502AC5800CA5648 /* LaunchScreen.storyboard */ = {
			isa = PBXVariantGroup;
			children = (
				AB27F4DD2502AC5800CA5648 /* Base */,
			);
			name = LaunchScreen.storyboard;
			sourceTree = "<group>";
		};
/* End PBXVariantGroup section */

/* Begin XCBuildConfiguration section */
		AB27F4E02502AC5800CA5648 /* Debug */ = {
			isa = XCBuildConfiguration;
			buildSettings = {
				ALWAYS_SEARCH_USER_PATHS = NO;
				CLANG_ANALYZER_NONNULL = YES;
				CLANG_ANALYZER_NUMBER_OBJECT_CONVERSION = YES_AGGRESSIVE;
				CLANG_CXX_LANGUAGE_STANDARD = "gnu++14";
				CLANG_CXX_LIBRARY = "libc++";
				CLANG_ENABLE_MODULES = YES;
				CLANG_ENABLE_OBJC_ARC = YES;
				CLANG_ENABLE_OBJC_WEAK = YES;
				CLANG_WARN_BLOCK_CAPTURE_AUTORELEASING = YES;
				CLANG_WARN_BOOL_CONVERSION = YES;
				CLANG_WARN_COMMA = YES;
				CLANG_WARN_CONSTANT_CONVERSION = YES;
				CLANG_WARN_DEPRECATED_OBJC_IMPLEMENTATIONS = YES;
				CLANG_WARN_DIRECT_OBJC_ISA_USAGE = YES_ERROR;
				CLANG_WARN_DOCUMENTATION_COMMENTS = YES;
				CLANG_WARN_EMPTY_BODY = YES;
				CLANG_WARN_ENUM_CONVERSION = YES;
				CLANG_WARN_INFINITE_RECURSION = YES;
				CLANG_WARN_INT_CONVERSION = YES;
				CLANG_WARN_NON_LITERAL_NULL_CONVERSION = YES;
				CLANG_WARN_OBJC_IMPLICIT_RETAIN_SELF = YES;
				CLANG_WARN_OBJC_LITERAL_CONVERSION = YES;
				CLANG_WARN_OBJC_ROOT_CLASS = YES_ERROR;
				CLANG_WARN_QUOTED_INCLUDE_IN_FRAMEWORK_HEADER = YES;
				CLANG_WARN_RANGE_LOOP_ANALYSIS = YES;
				CLANG_WARN_STRICT_PROTOTYPES = YES;
				CLANG_WARN_SUSPICIOUS_MOVE = YES;
				CLANG_WARN_UNGUARDED_AVAILABILITY = YES_AGGRESSIVE;
				CLANG_WARN_UNREACHABLE_CODE = YES;
				CLANG_WARN__DUPLICATE_METHOD_MATCH = YES;
				COPY_PHASE_STRIP = NO;
				DEBUG_INFORMATION_FORMAT = dwarf;
				ENABLE_STRICT_OBJC_MSGSEND = YES;
				ENABLE_TESTABILITY = YES;
				GCC_C_LANGUAGE_STANDARD = gnu11;
				GCC_DYNAMIC_NO_PIC = NO;
				GCC_NO_COMMON_BLOCKS = YES;
				GCC_OPTIMIZATION_LEVEL = 0;
				GCC_PREPROCESSOR_DEFINITIONS = (
					"DEBUG=1",
					"$(inherited)",
				);
				GCC_WARN_64_TO_32_BIT_CONVERSION = YES;
				GCC_WARN_ABOUT_RETURN_TYPE = YES_ERROR;
				GCC_WARN_UNDECLARED_SELECTOR = YES;
				GCC_WARN_UNINITIALIZED_AUTOS = YES_AGGRESSIVE;
				GCC_WARN_UNUSED_FUNCTION = YES;
				GCC_WARN_UNUSED_VARIABLE = YES;
				IPHONEOS_DEPLOYMENT_TARGET = 14.0;
				MTL_ENABLE_DEBUG_INFO = INCLUDE_SOURCE;
				MTL_FAST_MATH = YES;
				ONLY_ACTIVE_ARCH = YES;
				SDKROOT = iphoneos;
				SWIFT_ACTIVE_COMPILATION_CONDITIONS = DEBUG;
				SWIFT_OPTIMIZATION_LEVEL = "-Onone";
			};
			name = Debug;
		};
		AB27F4E12502AC5800CA5648 /* Release */ = {
			isa = XCBuildConfiguration;
			buildSettings = {
				ALWAYS_SEARCH_USER_PATHS = NO;
				CLANG_ANALYZER_NONNULL = YES;
				CLANG_ANALYZER_NUMBER_OBJECT_CONVERSION = YES_AGGRESSIVE;
				CLANG_CXX_LANGUAGE_STANDARD = "gnu++14";
				CLANG_CXX_LIBRARY = "libc++";
				CLANG_ENABLE_MODULES = YES;
				CLANG_ENABLE_OBJC_ARC = YES;
				CLANG_ENABLE_OBJC_WEAK = YES;
				CLANG_WARN_BLOCK_CAPTURE_AUTORELEASING = YES;
				CLANG_WARN_BOOL_CONVERSION = YES;
				CLANG_WARN_COMMA = YES;
				CLANG_WARN_CONSTANT_CONVERSION = YES;
				CLANG_WARN_DEPRECATED_OBJC_IMPLEMENTATIONS = YES;
				CLANG_WARN_DIRECT_OBJC_ISA_USAGE = YES_ERROR;
				CLANG_WARN_DOCUMENTATION_COMMENTS = YES;
				CLANG_WARN_EMPTY_BODY = YES;
				CLANG_WARN_ENUM_CONVERSION = YES;
				CLANG_WARN_INFINITE_RECURSION = YES;
				CLANG_WARN_INT_CONVERSION = YES;
				CLANG_WARN_NON_LITERAL_NULL_CONVERSION = YES;
				CLANG_WARN_OBJC_IMPLICIT_RETAIN_SELF = YES;
				CLANG_WARN_OBJC_LITERAL_CONVERSION = YES;
				CLANG_WARN_OBJC_ROOT_CLASS = YES_ERROR;
				CLANG_WARN_QUOTED_INCLUDE_IN_FRAMEWORK_HEADER = YES;
				CLANG_WARN_RANGE_LOOP_ANALYSIS = YES;
				CLANG_WARN_STRICT_PROTOTYPES = YES;
				CLANG_WARN_SUSPICIOUS_MOVE = YES;
				CLANG_WARN_UNGUARDED_AVAILABILITY = YES_AGGRESSIVE;
				CLANG_WARN_UNREACHABLE_CODE = YES;
				CLANG_WARN__DUPLICATE_METHOD_MATCH = YES;
				COPY_PHASE_STRIP = NO;
				DEBUG_INFORMATION_FORMAT = "dwarf-with-dsym";
				ENABLE_NS_ASSERTIONS = NO;
				ENABLE_STRICT_OBJC_MSGSEND = YES;
				GCC_C_LANGUAGE_STANDARD = gnu11;
				GCC_NO_COMMON_BLOCKS = YES;
				GCC_WARN_64_TO_32_BIT_CONVERSION = YES;
				GCC_WARN_ABOUT_RETURN_TYPE = YES_ERROR;
				GCC_WARN_UNDECLARED_SELECTOR = YES;
				GCC_WARN_UNINITIALIZED_AUTOS = YES_AGGRESSIVE;
				GCC_WARN_UNUSED_FUNCTION = YES;
				GCC_WARN_UNUSED_VARIABLE = YES;
				IPHONEOS_DEPLOYMENT_TARGET = 14.0;
				MTL_ENABLE_DEBUG_INFO = NO;
				MTL_FAST_MATH = YES;
				SDKROOT = iphoneos;
				SWIFT_COMPILATION_MODE = wholemodule;
				SWIFT_OPTIMIZATION_LEVEL = "-O";
				VALIDATE_PRODUCT = YES;
			};
			name = Release;
		};
		AB27F4E32502AC5800CA5648 /* Debug */ = {
			isa = XCBuildConfiguration;
			buildSettings = {
				ASSETCATALOG_COMPILER_APPICON_NAME = AppIcon;
				ASSETCATALOG_COMPILER_GLOBAL_ACCENT_COLOR_NAME = AccentColor;
				CODE_SIGN_STYLE = Automatic;
				DEVELOPMENT_TEAM = 7TNS5K6T85;
				INFOPLIST_FILE = "$(SRCROOT)/UniPad/Info.plist";
				IPHONEOS_DEPLOYMENT_TARGET = 13.6;
				LD_RUNPATH_SEARCH_PATHS = (
					"$(inherited)",
					"@executable_path/Frameworks",
				);
				PRODUCT_BUNDLE_IDENTIFIER = mihaialexandruteodor.UniPad;
				PRODUCT_NAME = "$(TARGET_NAME)";
				SWIFT_VERSION = 5.0;
				TARGETED_DEVICE_FAMILY = "1,2";
			};
			name = Debug;
		};
		AB27F4E42502AC5800CA5648 /* Release */ = {
			isa = XCBuildConfiguration;
			buildSettings = {
				ASSETCATALOG_COMPILER_APPICON_NAME = AppIcon;
				ASSETCATALOG_COMPILER_GLOBAL_ACCENT_COLOR_NAME = AccentColor;
				CODE_SIGN_STYLE = Automatic;
				DEVELOPMENT_TEAM = 7TNS5K6T85;
				INFOPLIST_FILE = "$(SRCROOT)/UniPad/Info.plist";
				IPHONEOS_DEPLOYMENT_TARGET = 13.6;
				LD_RUNPATH_SEARCH_PATHS = (
					"$(inherited)",
					"@executable_path/Frameworks",
				);
				PRODUCT_BUNDLE_IDENTIFIER = mihaialexandruteodor.UniPad;
				PRODUCT_NAME = "$(TARGET_NAME)";
				SWIFT_VERSION = 5.0;
				TARGETED_DEVICE_FAMILY = "1,2";
			};
			name = Release;
		};
/* End XCBuildConfiguration section */

/* Begin XCConfigurationList section */
		AB27F4C92502AC5700CA5648 /* Build configuration list for PBXProject "UniPad" */ = {
			isa = XCConfigurationList;
			buildConfigurations = (
				AB27F4E02502AC5800CA5648 /* Debug */,
				AB27F4E12502AC5800CA5648 /* Release */,
			);
			defaultConfigurationIsVisible = 0;
			defaultConfigurationName = Release;
		};
		AB27F4E22502AC5800CA5648 /* Build configuration list for PBXNativeTarget "UniPad" */ = {
			isa = XCConfigurationList;
			buildConfigurations = (
				AB27F4E32502AC5800CA5648 /* Debug */,
				AB27F4E42502AC5800CA5648 /* Release */,
			);
			defaultConfigurationIsVisible = 0;
			defaultConfigurationName = Release;
		};
/* End XCConfigurationList section */
	};
	rootObject = AB27F4C62502AC5700CA5648 /* Project object */;
}
